// !$*UTF8*$!
{
	archiveVersion = 1;
	classes = {
	};
	objectVersion = 51;
	objects = {

/* Begin PBXBuildFile section */
		5F9A2ECA0D03FC9862DA5FCA /* Pods_CryptocurrencyApp.framework in Frameworks */ = {isa = PBXBuildFile; fileRef = 0CEE51E7EB576B9E8890B34F /* Pods_CryptocurrencyApp.framework */; };
		CE594AF024E7C0A40077831E /* AppDelegate.swift in Sources */ = {isa = PBXBuildFile; fileRef = CE594AEF24E7C0A40077831E /* AppDelegate.swift */; };
		CE594AF224E7C0A40077831E /* SceneDelegate.swift in Sources */ = {isa = PBXBuildFile; fileRef = CE594AF124E7C0A40077831E /* SceneDelegate.swift */; };
		CE594AF424E7C0A40077831E /* ViewController.swift in Sources */ = {isa = PBXBuildFile; fileRef = CE594AF324E7C0A40077831E /* ViewController.swift */; };
		CE594AF724E7C0A40077831E /* Main.storyboard in Resources */ = {isa = PBXBuildFile; fileRef = CE594AF524E7C0A40077831E /* Main.storyboard */; };
		CE594AF924E7C0A80077831E /* Assets.xcassets in Resources */ = {isa = PBXBuildFile; fileRef = CE594AF824E7C0A80077831E /* Assets.xcassets */; };
		CE594AFC24E7C0A80077831E /* LaunchScreen.storyboard in Resources */ = {isa = PBXBuildFile; fileRef = CE594AFA24E7C0A80077831E /* LaunchScreen.storyboard */; };
		CE594B0424E7C5B90077831E /* Network.swift in Sources */ = {isa = PBXBuildFile; fileRef = CE594B0324E7C5B90077831E /* Network.swift */; };
		CE69435B24E8F6F4003D02C9 /* CryptoTableViewCell.swift in Sources */ = {isa = PBXBuildFile; fileRef = CE69435A24E8F6F4003D02C9 /* CryptoTableViewCell.swift */; };
		CE70C54824EA42ED000E9EF9 /* DetailTableViewController.swift in Sources */ = {isa = PBXBuildFile; fileRef = CE70C54724EA42ED000E9EF9 /* DetailTableViewController.swift */; };
/* End PBXBuildFile section */

/* Begin PBXFileReference section */
		0CEE51E7EB576B9E8890B34F /* Pods_CryptocurrencyApp.framework */ = {isa = PBXFileReference; explicitFileType = wrapper.framework; includeInIndex = 0; path = Pods_CryptocurrencyApp.framework; sourceTree = BUILT_PRODUCTS_DIR; };
		6C15E0880C8C2D317A5FE291 /* Pods-CryptocurrencyApp.debug.xcconfig */ = {isa = PBXFileReference; includeInIndex = 1; lastKnownFileType = text.xcconfig; name = "Pods-CryptocurrencyApp.debug.xcconfig"; path = "Target Support Files/Pods-CryptocurrencyApp/Pods-CryptocurrencyApp.debug.xcconfig"; sourceTree = "<group>"; };
		B098A1925260BC045A07340E /* Pods-CryptocurrencyApp.release.xcconfig */ = {isa = PBXFileReference; includeInIndex = 1; lastKnownFileType = text.xcconfig; name = "Pods-CryptocurrencyApp.release.xcconfig"; path = "Target Support Files/Pods-CryptocurrencyApp/Pods-CryptocurrencyApp.release.xcconfig"; sourceTree = "<group>"; };
		CE594AEC24E7C0A40077831E /* CryptocurrencyApp.app */ = {isa = PBXFileReference; explicitFileType = wrapper.application; includeInIndex = 0; path = CryptocurrencyApp.app; sourceTree = BUILT_PRODUCTS_DIR; };
		CE594AEF24E7C0A40077831E /* AppDelegate.swift */ = {isa = PBXFileReference; lastKnownFileType = sourcecode.swift; path = AppDelegate.swift; sourceTree = "<group>"; };
		CE594AF124E7C0A40077831E /* SceneDelegate.swift */ = {isa = PBXFileReference; lastKnownFileType = sourcecode.swift; path = SceneDelegate.swift; sourceTree = "<group>"; };
		CE594AF324E7C0A40077831E /* ViewController.swift */ = {isa = PBXFileReference; lastKnownFileType = sourcecode.swift; path = ViewController.swift; sourceTree = "<group>"; };
		CE594AF624E7C0A40077831E /* Base */ = {isa = PBXFileReference; lastKnownFileType = file.storyboard; name = Base; path = Base.lproj/Main.storyboard; sourceTree = "<group>"; };
		CE594AF824E7C0A80077831E /* Assets.xcassets */ = {isa = PBXFileReference; lastKnownFileType = folder.assetcatalog; path = Assets.xcassets; sourceTree = "<group>"; };
		CE594AFB24E7C0A80077831E /* Base */ = {isa = PBXFileReference; lastKnownFileType = file.storyboard; name = Base; path = Base.lproj/LaunchScreen.storyboard; sourceTree = "<group>"; };
		CE594AFD24E7C0A80077831E /* Info.plist */ = {isa = PBXFileReference; lastKnownFileType = text.plist.xml; path = Info.plist; sourceTree = "<group>"; };
		CE594B0324E7C5B90077831E /* Network.swift */ = {isa = PBXFileReference; lastKnownFileType = sourcecode.swift; path = Network.swift; sourceTree = "<group>"; };
		CE69435A24E8F6F4003D02C9 /* CryptoTableViewCell.swift */ = {isa = PBXFileReference; lastKnownFileType = sourcecode.swift; path = CryptoTableViewCell.swift; sourceTree = "<group>"; };
		CE70C54724EA42ED000E9EF9 /* DetailTableViewController.swift */ = {isa = PBXFileReference; lastKnownFileType = sourcecode.swift; path = DetailTableViewController.swift; sourceTree = "<group>"; };
/* End PBXFileReference section */

/* Begin PBXFrameworksBuildPhase section */
		CE594AE924E7C0A40077831E /* Frameworks */ = {
			isa = PBXFrameworksBuildPhase;
			buildActionMask = 2147483647;
			files = (
				5F9A2ECA0D03FC9862DA5FCA /* Pods_CryptocurrencyApp.framework in Frameworks */,
			);
			runOnlyForDeploymentPostprocessing = 0;
		};
/* End PBXFrameworksBuildPhase section */

/* Begin PBXGroup section */
		2730EA445831275B91D7008F /* Pods */ = {
			isa = PBXGroup;
			children = (
				6C15E0880C8C2D317A5FE291 /* Pods-CryptocurrencyApp.debug.xcconfig */,
				B098A1925260BC045A07340E /* Pods-CryptocurrencyApp.release.xcconfig */,
			);
			path = Pods;
			sourceTree = "<group>";
		};
		AB43B4D4D76E39CCAD92A471 /* Frameworks */ = {
			isa = PBXGroup;
			children = (
				0CEE51E7EB576B9E8890B34F /* Pods_CryptocurrencyApp.framework */,
			);
			name = Frameworks;
			sourceTree = "<group>";
		};
		CE594AE324E7C0A40077831E = {
			isa = PBXGroup;
			children = (
				CE594AEE24E7C0A40077831E /* CryptocurrencyApp */,
				CE594AED24E7C0A40077831E /* Products */,
				2730EA445831275B91D7008F /* Pods */,
				AB43B4D4D76E39CCAD92A471 /* Frameworks */,
			);
			sourceTree = "<group>";
		};
		CE594AED24E7C0A40077831E /* Products */ = {
			isa = PBXGroup;
			children = (
				CE594AEC24E7C0A40077831E /* CryptocurrencyApp.app */,
			);
			name = Products;
			sourceTree = "<group>";
		};
		CE594AEE24E7C0A40077831E /* CryptocurrencyApp */ = {
			isa = PBXGroup;
			children = (
				CE594AEF24E7C0A40077831E /* AppDelegate.swift */,
				CE594AF124E7C0A40077831E /* SceneDelegate.swift */,
				CE594AF324E7C0A40077831E /* ViewController.swift */,
				CE70C54724EA42ED000E9EF9 /* DetailTableViewController.swift */,
				CE69435A24E8F6F4003D02C9 /* CryptoTableViewCell.swift */,
				CE594B0324E7C5B90077831E /* Network.swift */,
				CE594AF524E7C0A40077831E /* Main.storyboard */,
				CE594AF824E7C0A80077831E /* Assets.xcassets */,
				CE594AFA24E7C0A80077831E /* LaunchScreen.storyboard */,
				CE594AFD24E7C0A80077831E /* Info.plist */,
			);
			path = CryptocurrencyApp;
			sourceTree = "<group>";
		};
/* End PBXGroup section */

/* Begin PBXNativeTarget section */
		CE594AEB24E7C0A40077831E /* CryptocurrencyApp */ = {
			isa = PBXNativeTarget;
			buildConfigurationList = CE594B0024E7C0A80077831E /* Build configuration list for PBXNativeTarget "CryptocurrencyApp" */;
			buildPhases = (
				C82BFCE34627F0C68F3B1013 /* [CP] Check Pods Manifest.lock */,
				CE594AE824E7C0A40077831E /* Sources */,
				CE594AE924E7C0A40077831E /* Frameworks */,
				CE594AEA24E7C0A40077831E /* Resources */,
				75FF0092EF1E50C4CAFE4327 /* [CP] Embed Pods Frameworks */,
			);
			buildRules = (
			);
			dependencies = (
			);
			name = CryptocurrencyApp;
			productName = CryptocurrencyApp;
			productReference = CE594AEC24E7C0A40077831E /* CryptocurrencyApp.app */;
			productType = "com.apple.product-type.application";
		};
/* End PBXNativeTarget section */

/* Begin PBXProject section */
		CE594AE424E7C0A40077831E /* Project object */ = {
			isa = PBXProject;
			attributes = {
				LastSwiftUpdateCheck = 1160;
				LastUpgradeCheck = 1160;
				ORGANIZATIONNAME = Aidin;
				TargetAttributes = {
					CE594AEB24E7C0A40077831E = {
						CreatedOnToolsVersion = 11.6;
					};
				};
			};
			buildConfigurationList = CE594AE724E7C0A40077831E /* Build configuration list for PBXProject "CryptocurrencyApp" */;
			compatibilityVersion = "Xcode 9.3";
			developmentRegion = en;
			hasScannedForEncodings = 0;
			knownRegions = (
				en,
				Base,
			);
			mainGroup = CE594AE324E7C0A40077831E;
			productRefGroup = CE594AED24E7C0A40077831E /* Products */;
			projectDirPath = "";
			projectRoot = "";
			targets = (
				CE594AEB24E7C0A40077831E /* CryptocurrencyApp */,
			);
		};
/* End PBXProject section */

/* Begin PBXResourcesBuildPhase section */
		CE594AEA24E7C0A40077831E /* Resources */ = {
			isa = PBXResourcesBuildPhase;
			buildActionMask = 2147483647;
			files = (
				CE594AFC24E7C0A80077831E /* LaunchScreen.storyboard in Resources */,
				CE594AF924E7C0A80077831E /* Assets.xcassets in Resources */,
				CE594AF724E7C0A40077831E /* Main.storyboard in Resources */,
			);
			runOnlyForDeploymentPostprocessing = 0;
		};
/* End PBXResourcesBuildPhase section */

/* Begin PBXShellScriptBuildPhase section */
		75FF0092EF1E50C4CAFE4327 /* [CP] Embed Pods Frameworks */ = {
			isa = PBXShellScriptBuildPhase;
			buildActionMask = 2147483647;
			files = (
			);
			inputFileListPaths = (
				"${PODS_ROOT}/Target Support Files/Pods-CryptocurrencyApp/Pods-CryptocurrencyApp-frameworks-${CONFIGURATION}-input-files.xcfilelist",
			);
			name = "[CP] Embed Pods Frameworks";
			outputFileListPaths = (
				"${PODS_ROOT}/Target Support Files/Pods-CryptocurrencyApp/Pods-CryptocurrencyApp-frameworks-${CONFIGURATION}-output-files.xcfilelist",
			);
			runOnlyForDeploymentPostprocessing = 0;
			shellPath = /bin/sh;
			shellScript = "\"${PODS_ROOT}/Target Support Files/Pods-CryptocurrencyApp/Pods-CryptocurrencyApp-frameworks.sh\"\n";
			showEnvVarsInLog = 0;
		};
		C82BFCE34627F0C68F3B1013 /* [CP] Check Pods Manifest.lock */ = {
			isa = PBXShellScriptBuildPhase;
			buildActionMask = 2147483647;
			files = (
			);
			inputFileListPaths = (
			);
			inputPaths = (
				"${PODS_PODFILE_DIR_PATH}/Podfile.lock",
				"${PODS_ROOT}/Manifest.lock",
			);
			name = "[CP] Check Pods Manifest.lock";
			outputFileListPaths = (
			);
			outputPaths = (
				"$(DERIVED_FILE_DIR)/Pods-CryptocurrencyApp-checkManifestLockResult.txt",
			);
			runOnlyForDeploymentPostprocessing = 0;
			shellPath = /bin/sh;
			shellScript = "diff \"${PODS_PODFILE_DIR_PATH}/Podfile.lock\" \"${PODS_ROOT}/Manifest.lock\" > /dev/null\nif [ $? != 0 ] ; then\n    # print error to STDERR\n    echo \"error: The sandbox is not in sync with the Podfile.lock. Run 'pod install' or update your CocoaPods installation.\" >&2\n    exit 1\nfi\n# This output is used by Xcode 'outputs' to avoid re-running this script phase.\necho \"SUCCESS\" > \"${SCRIPT_OUTPUT_FILE_0}\"\n";
			showEnvVarsInLog = 0;
		};
/* End PBXShellScriptBuildPhase section */

/* Begin PBXSourcesBuildPhase section */
		CE594AE824E7C0A40077831E /* Sources */ = {
			isa = PBXSourcesBuildPhase;
			buildActionMask = 2147483647;
			files = (
				CE70C54824EA42ED000E9EF9 /* DetailTableViewController.swift in Sources */,
				CE594AF424E7C0A40077831E /* ViewController.swift in Sources */,
				CE594AF024E7C0A40077831E /* AppDelegate.swift in Sources */,
				CE594B0424E7C5B90077831E /* Network.swift in Sources */,
				CE69435B24E8F6F4003D02C9 /* CryptoTableViewCell.swift in Sources */,
				CE594AF224E7C0A40077831E /* SceneDelegate.swift in Sources */,
			);
			runOnlyForDeploymentPostprocessing = 0;
		};
/* End PBXSourcesBuildPhase section */

/* Begin PBXVariantGroup section */
		CE594AF524E7C0A40077831E /* Main.storyboard */ = {
			isa = PBXVariantGroup;
			children = (
				CE594AF624E7C0A40077831E /* Base */,
			);
			name = Main.storyboard;
			sourceTree = "<group>";
		};
		CE594AFA24E7C0A80077831E /* LaunchScreen.storyboard */ = {
			isa = PBXVariantGroup;
			children = (
				CE594AFB24E7C0A80077831E /* Base */,
			);
			name = LaunchScreen.storyboard;
			sourceTree = "<group>";
		};
/* End PBXVariantGroup section */

/* Begin XCBuildConfiguration section */
		CE594AFE24E7C0A80077831E /* Debug */ = {
			isa = XCBuildConfiguration;
			buildSettings = {
				ALWAYS_SEARCH_USER_PATHS = NO;
				CLANG_ANALYZER_NONNULL = YES;
				CLANG_ANALYZER_NUMBER_OBJECT_CONVERSION = YES_AGGRESSIVE;
				CLANG_CXX_LANGUAGE_STANDARD = "gnu++14";
				CLANG_CXX_LIBRARY = "libc++";
				CLANG_ENABLE_MODULES = YES;
				CLANG_ENABLE_OBJC_ARC = YES;
				CLANG_ENABLE_OBJC_WEAK = YES;
				CLANG_WARN_BLOCK_CAPTURE_AUTORELEASING = YES;
				CLANG_WARN_BOOL_CONVERSION = YES;
				CLANG_WARN_COMMA = YES;
				CLANG_WARN_CONSTANT_CONVERSION = YES;
				CLANG_WARN_DEPRECATED_OBJC_IMPLEMENTATIONS = YES;
				CLANG_WARN_DIRECT_OBJC_ISA_USAGE = YES_ERROR;
				CLANG_WARN_DOCUMENTATION_COMMENTS = YES;
				CLANG_WARN_EMPTY_BODY = YES;
				CLANG_WARN_ENUM_CONVERSION = YES;
				CLANG_WARN_INFINITE_RECURSION = YES;
				CLANG_WARN_INT_CONVERSION = YES;
				CLANG_WARN_NON_LITERAL_NULL_CONVERSION = YES;
				CLANG_WARN_OBJC_IMPLICIT_RETAIN_SELF = YES;
				CLANG_WARN_OBJC_LITERAL_CONVERSION = YES;
				CLANG_WARN_OBJC_ROOT_CLASS = YES_ERROR;
				CLANG_WARN_RANGE_LOOP_ANALYSIS = YES;
				CLANG_WARN_STRICT_PROTOTYPES = YES;
				CLANG_WARN_SUSPICIOUS_MOVE = YES;
				CLANG_WARN_UNGUARDED_AVAILABILITY = YES_AGGRESSIVE;
				CLANG_WARN_UNREACHABLE_CODE = YES;
				CLANG_WARN__DUPLICATE_METHOD_MATCH = YES;
				COPY_PHASE_STRIP = NO;
				DEBUG_INFORMATION_FORMAT = dwarf;
				ENABLE_STRICT_OBJC_MSGSEND = YES;
				ENABLE_TESTABILITY = YES;
				GCC_C_LANGUAGE_STANDARD = gnu11;
				GCC_DYNAMIC_NO_PIC = NO;
				GCC_NO_COMMON_BLOCKS = YES;
				GCC_OPTIMIZATION_LEVEL = 0;
				GCC_PREPROCESSOR_DEFINITIONS = (
					"DEBUG=1",
					"$(inherited)",
				);
				GCC_WARN_64_TO_32_BIT_CONVERSION = YES;
				GCC_WARN_ABOUT_RETURN_TYPE = YES_ERROR;
				GCC_WARN_UNDECLARED_SELECTOR = YES;
				GCC_WARN_UNINITIALIZED_AUTOS = YES_AGGRESSIVE;
				GCC_WARN_UNUSED_FUNCTION = YES;
				GCC_WARN_UNUSED_VARIABLE = YES;
				IPHONEOS_DEPLOYMENT_TARGET = 13.6;
				MTL_ENABLE_DEBUG_INFO = INCLUDE_SOURCE;
				MTL_FAST_MATH = YES;
				ONLY_ACTIVE_ARCH = YES;
				SDKROOT = iphoneos;
				SWIFT_ACTIVE_COMPILATION_CONDITIONS = DEBUG;
				SWIFT_OPTIMIZATION_LEVEL = "-Onone";
			};
			name = Debug;
		};
		CE594AFF24E7C0A80077831E /* Release */ = {
			isa = XCBuildConfiguration;
			buildSettings = {
				ALWAYS_SEARCH_USER_PATHS = NO;
				CLANG_ANALYZER_NONNULL = YES;
				CLANG_ANALYZER_NUMBER_OBJECT_CONVERSION = YES_AGGRESSIVE;
				CLANG_CXX_LANGUAGE_STANDARD = "gnu++14";
				CLANG_CXX_LIBRARY = "libc++";
				CLANG_ENABLE_MODULES = YES;
				CLANG_ENABLE_OBJC_ARC = YES;
				CLANG_ENABLE_OBJC_WEAK = YES;
				CLANG_WARN_BLOCK_CAPTURE_AUTORELEASING = YES;
				CLANG_WARN_BOOL_CONVERSION = YES;
				CLANG_WARN_COMMA = YES;
				CLANG_WARN_CONSTANT_CONVERSION = YES;
				CLANG_WARN_DEPRECATED_OBJC_IMPLEMENTATIONS = YES;
				CLANG_WARN_DIRECT_OBJC_ISA_USAGE = YES_ERROR;
				CLANG_WARN_DOCUMENTATION_COMMENTS = YES;
				CLANG_WARN_EMPTY_BODY = YES;
				CLANG_WARN_ENUM_CONVERSION = YES;
				CLANG_WARN_INFINITE_RECURSION = YES;
				CLANG_WARN_INT_CONVERSION = YES;
				CLANG_WARN_NON_LITERAL_NULL_CONVERSION = YES;
				CLANG_WARN_OBJC_IMPLICIT_RETAIN_SELF = YES;
				CLANG_WARN_OBJC_LITERAL_CONVERSION = YES;
				CLANG_WARN_OBJC_ROOT_CLASS = YES_ERROR;
				CLANG_WARN_RANGE_LOOP_ANALYSIS = YES;
				CLANG_WARN_STRICT_PROTOTYPES = YES;
				CLANG_WARN_SUSPICIOUS_MOVE = YES;
				CLANG_WARN_UNGUARDED_AVAILABILITY = YES_AGGRESSIVE;
				CLANG_WARN_UNREACHABLE_CODE = YES;
				CLANG_WARN__DUPLICATE_METHOD_MATCH = YES;
				COPY_PHASE_STRIP = NO;
				DEBUG_INFORMATION_FORMAT = "dwarf-with-dsym";
				ENABLE_NS_ASSERTIONS = NO;
				ENABLE_STRICT_OBJC_MSGSEND = YES;
				GCC_C_LANGUAGE_STANDARD = gnu11;
				GCC_NO_COMMON_BLOCKS = YES;
				GCC_WARN_64_TO_32_BIT_CONVERSION = YES;
				GCC_WARN_ABOUT_RETURN_TYPE = YES_ERROR;
				GCC_WARN_UNDECLARED_SELECTOR = YES;
				GCC_WARN_UNINITIALIZED_AUTOS = YES_AGGRESSIVE;
				GCC_WARN_UNUSED_FUNCTION = YES;
				GCC_WARN_UNUSED_VARIABLE = YES;
				IPHONEOS_DEPLOYMENT_TARGET = 13.6;
				MTL_ENABLE_DEBUG_INFO = NO;
				MTL_FAST_MATH = YES;
				SDKROOT = iphoneos;
				SWIFT_COMPILATION_MODE = wholemodule;
				SWIFT_OPTIMIZATION_LEVEL = "-O";
				VALIDATE_PRODUCT = YES;
			};
			name = Release;
		};
		CE594B0124E7C0A80077831E /* Debug */ = {
			isa = XCBuildConfiguration;
			baseConfigurationReference = 6C15E0880C8C2D317A5FE291 /* Pods-CryptocurrencyApp.debug.xcconfig */;
			buildSettings = {
				ASSETCATALOG_COMPILER_APPICON_NAME = AppIcon;
				CODE_SIGN_STYLE = Automatic;
				DEVELOPMENT_TEAM = 2M2XRZ7H7U;
				INFOPLIST_FILE = CryptocurrencyApp/Info.plist;
				LD_RUNPATH_SEARCH_PATHS = (
					"$(inherited)",
					"@executable_path/Frameworks",
				);
				PRODUCT_BUNDLE_IDENTIFIER = com.Aidin.CryptocurrencyApp;
				PRODUCT_NAME = "$(TARGET_NAME)";
				SWIFT_VERSION = 5.0;
				TARGETED_DEVICE_FAMILY = "1,2";
			};
			name = Debug;
		};
		CE594B0224E7C0A80077831E /* Release */ = {
			isa = XCBuildConfiguration;
			baseConfigurationReference = B098A1925260BC045A07340E /* Pods-CryptocurrencyApp.release.xcconfig */;
			buildSettings = {
				ASSETCATALOG_COMPILER_APPICON_NAME = AppIcon;
				CODE_SIGN_STYLE = Automatic;
				DEVELOPMENT_TEAM = 2M2XRZ7H7U;
				INFOPLIST_FILE = CryptocurrencyApp/Info.plist;
				LD_RUNPATH_SEARCH_PATHS = (
					"$(inherited)",
					"@executable_path/Frameworks",
				);
				PRODUCT_BUNDLE_IDENTIFIER = com.Aidin.CryptocurrencyApp;
				PRODUCT_NAME = "$(TARGET_NAME)";
				SWIFT_VERSION = 5.0;
				TARGETED_DEVICE_FAMILY = "1,2";
			};
			name = Release;
		};
/* End XCBuildConfiguration section */

/* Begin XCConfigurationList section */
		CE594AE724E7C0A40077831E /* Build configuration list for PBXProject "CryptocurrencyApp" */ = {
			isa = XCConfigurationList;
			buildConfigurations = (
				CE594AFE24E7C0A80077831E /* Debug */,
				CE594AFF24E7C0A80077831E /* Release */,
			);
			defaultConfigurationIsVisible = 0;
			defaultConfigurationName = Release;
		};
		CE594B0024E7C0A80077831E /* Build configuration list for PBXNativeTarget "CryptocurrencyApp" */ = {
			isa = XCConfigurationList;
			buildConfigurations = (
				CE594B0124E7C0A80077831E /* Debug */,
				CE594B0224E7C0A80077831E /* Release */,
			);
			defaultConfigurationIsVisible = 0;
			defaultConfigurationName = Release;
		};
/* End XCConfigurationList section */
	};
	rootObject = CE594AE424E7C0A40077831E /* Project object */;
}
